
Microsoft Visual Studio Solution File, Format Version 12.00
# Visual Studio 15
VisualStudioVersion = 15.0.26124.0
MinimumVisualStudioVersion = 15.0.26124.0
Project("{FAE04EC0-301F-11D3-BF4B-00C04F79EFBC}") = "Aws.CancellationTokens.Cdk", "src\Aws.CancellationTokens.Cdk\Aws.CancellationTokens.Cdk.csproj", "{392089C2-541E-4035-A537-33F06352D3FF}"
EndProject
Project("{FAE04EC0-301F-11D3-BF4B-00C04F79EFBC}") = "Aws.CancellationTokens.AspNet", "src\Aws.CancellationTokens.AspNet\Aws.CancellationTokens.AspNet.csproj", "{816F7A3F-3C84-40AB-8F83-A2A0CCD00E38}"
EndProject
Project("{FAE04EC0-301F-11D3-BF4B-00C04F79EFBC}") = "Aws.CancellationTokens.Function", "src\Aws.CancellationTokens.Function\Aws.CancellationTokens.Function.csproj", "{01B7D8FF-A4C0-48D0-8D40-8285EE5BECD3}"
EndProject
Global
	GlobalSection(SolutionConfigurationPlatforms) = preSolution
		Debug|Any CPU = Debug|Any CPU
		Debug|x64 = Debug|x64
		Debug|x86 = Debug|x86
		Release|Any CPU = Release|Any CPU
		Release|x64 = Release|x64
		Release|x86 = Release|x86
	EndGlobalSection
	GlobalSection(SolutionProperties) = preSolution
		HideSolutionNode = FALSE
	EndGlobalSection
	GlobalSection(ProjectConfigurationPlatforms) = postSolution
		{392089C2-541E-4035-A537-33F06352D3FF}.Debug|Any CPU.ActiveCfg = Debug|Any CPU
		{392089C2-541E-4035-A537-33F06352D3FF}.Debug|Any CPU.Build.0 = Debug|Any CPU
		{392089C2-541E-4035-A537-33F06352D3FF}.Debug|x64.ActiveCfg = Debug|Any CPU
		{392089C2-541E-4035-A537-33F06352D3FF}.Debug|x64.Build.0 = Debug|Any CPU
		{392089C2-541E-4035-A537-33F06352D3FF}.Debug|x86.ActiveCfg = Debug|Any CPU
		{392089C2-541E-4035-A537-33F06352D3FF}.Debug|x86.Build.0 = Debug|Any CPU
		{392089C2-541E-4035-A537-33F06352D3FF}.Release|Any CPU.ActiveCfg = Release|Any CPU
		{392089C2-541E-4035-A537-33F06352D3FF}.Release|Any CPU.Build.0 = Release|Any CPU
		{392089C2-541E-4035-A537-33F06352D3FF}.Release|x64.ActiveCfg = Release|Any CPU
		{392089C2-541E-4035-A537-33F06352D3FF}.Release|x64.Build.0 = Release|Any CPU
		{392089C2-541E-4035-A537-33F06352D3FF}.Release|x86.ActiveCfg = Release|Any CPU
		{392089C2-541E-4035-A537-33F06352D3FF}.Release|x86.Build.0 = Release|Any CPU
		{816F7A3F-3C84-40AB-8F83-A2A0CCD00E38}.Debug|Any CPU.ActiveCfg = Debug|Any CPU
		{816F7A3F-3C84-40AB-8F83-A2A0CCD00E38}.Debug|Any CPU.Build.0 = Debug|Any CPU
		{816F7A3F-3C84-40AB-8F83-A2A0CCD00E38}.Debug|x64.ActiveCfg = Debug|Any CPU
		{816F7A3F-3C84-40AB-8F83-A2A0CCD00E38}.Debug|x64.Build.0 = Debug|Any CPU
		{816F7A3F-3C84-40AB-8F83-A2A0CCD00E38}.Debug|x86.ActiveCfg = Debug|Any CPU
		{816F7A3F-3C84-40AB-8F83-A2A0CCD00E38}.Debug|x86.Build.0 = Debug|Any CPU
		{816F7A3F-3C84-40AB-8F83-A2A0CCD00E38}.Release|Any CPU.ActiveCfg = Release|Any CPU
		{816F7A3F-3C84-40AB-8F83-A2A0CCD00E38}.Release|Any CPU.Build.0 = Release|Any CPU
		{816F7A3F-3C84-40AB-8F83-A2A0CCD00E38}.Release|x64.ActiveCfg = Release|Any CPU
		{816F7A3F-3C84-40AB-8F83-A2A0CCD00E38}.Release|x64.Build.0 = Release|Any CPU
		{816F7A3F-3C84-40AB-8F83-A2A0CCD00E38}.Release|x86.ActiveCfg = Release|Any CPU
		{816F7A3F-3C84-40AB-8F83-A2A0CCD00E38}.Release|x86.Build.0 = Release|Any CPU
		{01B7D8FF-A4C0-48D0-8D40-8285EE5BECD3}.Debug|Any CPU.ActiveCfg = Debug|Any CPU
		{01B7D8FF-A4C0-48D0-8D40-8285EE5BECD3}.Debug|Any CPU.Build.0 = Debug|Any CPU
		{01B7D8FF-A4C0-48D0-8D40-8285EE5BECD3}.Debug|x64.ActiveCfg = Debug|Any CPU
		{01B7D8FF-A4C0-48D0-8D40-8285EE5BECD3}.Debug|x64.Build.0 = Debug|Any CPU
		{01B7D8FF-A4C0-48D0-8D40-8285EE5BECD3}.Debug|x86.ActiveCfg = Debug|Any CPU
		{01B7D8FF-A4C0-48D0-8D40-8285EE5BECD3}.Debug|x86.Build.0 = Debug|Any CPU
		{01B7D8FF-A4C0-48D0-8D40-8285EE5BECD3}.Release|Any CPU.ActiveCfg = Release|Any CPU
		{01B7D8FF-A4C0-48D0-8D40-8285EE5BECD3}.Release|Any CPU.Build.0 = Release|Any CPU
		{01B7D8FF-A4C0-48D0-8D40-8285EE5BECD3}.Release|x64.ActiveCfg = Release|Any CPU
		{01B7D8FF-A4C0-48D0-8D40-8285EE5BECD3}.Release|x64.Build.0 = Release|Any CPU
		{01B7D8FF-A4C0-48D0-8D40-8285EE5BECD3}.Release|x86.ActiveCfg = Release|Any CPU
		{01B7D8FF-A4C0-48D0-8D40-8285EE5BECD3}.Release|x86.Build.0 = Release|Any CPU
	EndGlobalSection
EndGlobal
